
Microsoft Visual Studio Solution File, Format Version 12.00
# Visual Studio 14
VisualStudioVersion = 14.0.23107.0
MinimumVisualStudioVersion = 10.0.40219.1
Project("{FAE04EC0-301F-11D3-BF4B-00C04F79EFBC}") = "project", "StateMachineGame\project\project.csproj", "{1EC253BA-CACB-4531-B47C-A0DAC52856BD}"
EndProject
Project("{9092AA53-FB77-4645-B42D-1CCCA6BD08BD}") = "tests", "StateMachineGame\tests\tests.njsproj", "{4FC0E220-A85D-42C4-B18D-4DE4971579D5}"
EndProject
Global
	GlobalSection(SolutionConfigurationPlatforms) = preSolution
		Debug|Any CPU = Debug|Any CPU
		Release|Any CPU = Release|Any CPU
	EndGlobalSection
	GlobalSection(ProjectConfigurationPlatforms) = postSolution
		{1EC253BA-CACB-4531-B47C-A0DAC52856BD}.Debug|Any CPU.ActiveCfg = Debug|Any CPU
		{1EC253BA-CACB-4531-B47C-A0DAC52856BD}.Debug|Any CPU.Build.0 = Debug|Any CPU
		{1EC253BA-CACB-4531-B47C-A0DAC52856BD}.Release|Any CPU.ActiveCfg = Release|Any CPU
		{1EC253BA-CACB-4531-B47C-A0DAC52856BD}.Release|Any CPU.Build.0 = Release|Any CPU
		{4FC0E220-A85D-42C4-B18D-4DE4971579D5}.Debug|Any CPU.ActiveCfg = Debug|Any CPU
		{4FC0E220-A85D-42C4-B18D-4DE4971579D5}.Debug|Any CPU.Build.0 = Debug|Any CPU
		{4FC0E220-A85D-42C4-B18D-4DE4971579D5}.Release|Any CPU.ActiveCfg = Release|Any CPU
		{4FC0E220-A85D-42C4-B18D-4DE4971579D5}.Release|Any CPU.Build.0 = Release|Any CPU
	EndGlobalSection
	GlobalSection(SolutionProperties) = preSolution
		HideSolutionNode = FALSE
	EndGlobalSection
EndGlobal
